
Microsoft Visual Studio Solution File, Format Version 12.00
# Visual Studio Version 17
VisualStudioVersion = 17.9.34728.123
MinimumVisualStudioVersion = 10.0.40219.1
Project("{FAE04EC0-301F-11D3-BF4B-00C04F79EFBC}") = "Desktop_App", "Desktop_App.csproj", "{3E0ABF8F-E6B8-41CB-A504-58E89F107F1A}"
EndProject
Global
	GlobalSection(SolutionConfigurationPlatforms) = preSolution
		Debug|Any CPU = Debug|Any CPU
		Release|Any CPU = Release|Any CPU
	EndGlobalSection
	GlobalSection(ProjectConfigurationPlatforms) = postSolution
		{3E0ABF8F-E6B8-41CB-A504-58E89F107F1A}.Debug|Any CPU.ActiveCfg = Debug|Any CPU
		{3E0ABF8F-E6B8-41CB-A504-58E89F107F1A}.Debug|Any CPU.Build.0 = Debug|Any CPU
		{3E0ABF8F-E6B8-41CB-A504-58E89F107F1A}.Release|Any CPU.ActiveCfg = Release|Any CPU
		{3E0ABF8F-E6B8-41CB-A504-58E89F107F1A}.Release|Any CPU.Build.0 = Release|Any CPU
	EndGlobalSection
	GlobalSection(SolutionProperties) = preSolution
		HideSolutionNode = FALSE
	EndGlobalSection
	GlobalSection(ExtensibilityGlobals) = postSolution
		SolutionGuid = {796BD9FF-46E7-4EDE-9326-F7428CF92AFA}
	EndGlobalSection
EndGlobal
